{
  "nodes": {
    "nixpkgs": {
      "locked": {
        "lastModified": 1758523544,
        "narHash": "sha256-4zNirm5ObA3K4mVcAGyDJO9yxhyTgii+gXh48dGCM8A=",
        "owner": "nixos",
        "repo": "nixpkgs",
        "rev": "4dce2ab5195023ee223ac4634595d0ae651a5622",
        "type": "github"
      },
      "original": {
        "owner": "nixos",
        "repo": "nixpkgs",
        "type": "github"
      }
    },
    "root": {
      "inputs": {
        "nixpkgs": "nixpkgs"
      }
    }
  },
  "root": "root",
  "version": 7
}
