{
  "nodes": {
    "nixpkgs": {
      "locked": {
        "lastModified": 1757173569,
        "narHash": "sha256-21K9iNeVWifUvwVf5OWFQun6end/n3H0Oh4NOZHsopg=",
        "owner": "nixos",
        "repo": "nixpkgs",
        "rev": "6c8a1aacb463549791d7dcb94029d29dacb3e344",
        "type": "github"
      },
      "original": {
        "owner": "nixos",
        "repo": "nixpkgs",
        "type": "github"
      }
    },
    "root": {
      "inputs": {
        "nixpkgs": "nixpkgs"
      }
    }
  },
  "root": "root",
  "version": 7
}
