{
  "nodes": {
    "nixpkgs": {
      "locked": {
        "lastModified": 1772655096,
        "narHash": "sha256-DlbMEzmZgOauXg5nW33clQ5kelFUI1PBrWIxtXeL20U=",
        "owner": "nixos",
        "repo": "nixpkgs",
        "rev": "d6626a78fc181e41f0e82b2a9b7487b680b927d2",
        "type": "github"
      },
      "original": {
        "owner": "nixos",
        "repo": "nixpkgs",
        "type": "github"
      }
    },
    "root": {
      "inputs": {
        "nixpkgs": "nixpkgs"
      }
    }
  },
  "root": "root",
  "version": 7
}
