{
  "nodes": {
    "nixpkgs": {
      "locked": {
        "lastModified": 1770673711,
        "narHash": "sha256-TSn6G/7kdeLbJlr3F96RZ7kfSttB0H2vEIfvbDqEJzA=",
        "owner": "nixos",
        "repo": "nixpkgs",
        "rev": "78c96d02467eef3ee9a9adad58369753efa091a9",
        "type": "github"
      },
      "original": {
        "owner": "nixos",
        "repo": "nixpkgs",
        "type": "github"
      }
    },
    "nixpkgs_2": {
      "locked": {
        "lastModified": 1770537093,
        "narHash": "sha256-pF1quXG5wsgtyuPOHcLfYg/ft/QMr8NnX0i6tW2187s=",
        "owner": "NixOS",
        "repo": "nixpkgs",
        "rev": "fef9403a3e4d31b0a23f0bacebbec52c248fbb51",
        "type": "github"
      },
      "original": {
        "owner": "NixOS",
        "ref": "nixpkgs-unstable",
        "repo": "nixpkgs",
        "type": "github"
      }
    },
    "pgit": {
      "inputs": {
        "nixpkgs": "nixpkgs_2"
      },
      "locked": {
        "lastModified": 1770748708,
        "narHash": "sha256-H/Oz59VxCZpEvC85LW6/+6t4V+/tYkqyZ8DyCYBhZYk=",
        "owner": "ErikOlson",
        "repo": "pgit",
        "rev": "02c4ae20131ab0192653a9960337c0c4b8444992",
        "type": "github"
      },
      "original": {
        "owner": "ErikOlson",
        "repo": "pgit",
        "type": "github"
      }
    },
    "root": {
      "inputs": {
        "nixpkgs": "nixpkgs",
        "pgit": "pgit"
      }
    }
  },
  "root": "root",
  "version": 7
}
