{
  "nodes": {
    "ccg": {
      "inputs": {
        "nixpkgs": "nixpkgs"
      },
      "locked": {
        "lastModified": 1770769278,
        "narHash": "sha256-Vbo0xj4asEE7wD3QIuaXAxEMwAid62s/CPRlS+R1/AA=",
        "owner": "ErikOlson",
        "repo": "ccg",
        "rev": "17359b1d82baf7c29209f7771e6ef65ee5c7cfc1",
        "type": "github"
      },
      "original": {
        "owner": "ErikOlson",
        "repo": "ccg",
        "type": "github"
      }
    },
    "nixpkgs": {
      "locked": {
        "lastModified": 1789012029,
        "narHash": "sha256-1CBkBf+Nhggykzlx0jvXrj5rk20btl+tK8Fa8Ml/BL4=",
        "owner": "NixOS",
        "repo": "nixpkgs",
        "rev": "d5dfd8e6716dde34398bc14bc87c10dece9c8c68",
        "type": "github"
      },
      "original": {
        "owner": "NixOS",
        "ref": "nixpkgs-unstable",
        "repo": "nixpkgs",
        "type": "github"
      }
    },
    "nixpkgs_2": {
      "locked": {
        "lastModified": 1789093740,
        "narHash": "sha256-ccwYXQeiVhgnjTHnyGn3SKkbZcQaZ2SCjGdbWuNIlRo=",
        "owner": "nixos",
        "repo": "nixpkgs",
        "rev": "9ed84be80cd555e0db64b9163cd63e9356c4301e",
        "type": "github"
      },
      "original": {
        "owner": "nixos",
        "repo": "nixpkgs",
        "type": "github"
      }
    },
    "nixpkgs_3": {
      "locked": {
        "lastModified": 1789012029,
        "narHash": "sha256-1CBkBf+Nhggykzlx0jvXrj5rk20btl+tK8Fa8Ml/BL4=",
        "owner": "NixOS",
        "repo": "nixpkgs",
        "rev": "d5dfd8e6716dde34398bc14bc87c10dece9c8c68",
        "type": "github"
      },
      "original": {
        "owner": "NixOS",
        "ref": "nixpkgs-unstable",
        "repo": "nixpkgs",
        "type": "github"
      }
    },
    "pgit": {
      "inputs": {
        "nixpkgs": "nixpkgs_3"
      },
      "locked": {
        "lastModified": 1782678287,
        "narHash": "sha256-zYQwkRhw9UpZ5jhzLL9xgMlDkJW9KIXEWsCjvFYrUUc=",
        "owner": "ErikOlson",
        "repo": "pgit",
        "rev": "80c82ccba30fa6df7ac028deec186a06bad11e56",
        "type": "github"
      },
      "original": {
        "owner": "ErikOlson",
        "repo": "pgit",
        "type": "github"
      }
    },
    "root": {
      "inputs": {
        "ccg": "ccg",
        "nixpkgs": "nixpkgs_2",
        "pgit": "pgit"
      }
    }
  },
  "root": "root",
  "version": 7
}
